
Microsoft Visual Studio Solution File, Format Version 12.00
# Visual Studio 15
VisualStudioVersion = 15.0.28307.329
MinimumVisualStudioVersion = 10.0.40219.1
Project("{FAE04EC0-301F-11D3-BF4B-00C04F79EFBC}") = "Sheduler", "Sheduler\Sheduler.csproj", "{2CBDDF4D-BD6E-467D-AC92-F5C17BD2C240}"
EndProject
Global
	GlobalSection(SolutionConfigurationPlatforms) = preSolution
		Debug|Any CPU = Debug|Any CPU
		Release|Any CPU = Release|Any CPU
	EndGlobalSection
	GlobalSection(ProjectConfigurationPlatforms) = postSolution
		{2CBDDF4D-BD6E-467D-AC92-F5C17BD2C240}.Debug|Any CPU.ActiveCfg = Debug|Any CPU
		{2CBDDF4D-BD6E-467D-AC92-F5C17BD2C240}.Debug|Any CPU.Build.0 = Debug|Any CPU
		{2CBDDF4D-BD6E-467D-AC92-F5C17BD2C240}.Release|Any CPU.ActiveCfg = Release|Any CPU
		{2CBDDF4D-BD6E-467D-AC92-F5C17BD2C240}.Release|Any CPU.Build.0 = Release|Any CPU
	EndGlobalSection
	GlobalSection(SolutionProperties) = preSolution
		HideSolutionNode = FALSE
	EndGlobalSection
	GlobalSection(ExtensibilityGlobals) = postSolution
		SolutionGuid = {2F70F242-9CFD-4914-94C4-8CEE51524143}
	EndGlobalSection
EndGlobal
